github.com/chengli1988/dbutil-mysql v0.0.0-20200711164911-ce7ffc0f4e19 h1:qRhFZw4IANCRb/+eLmz5eaJWmDqW4krUy959SlhlrwA=
github.com/chengli1988/dbutil-mysql v0.0.0-20200711164911-ce7ffc0f4e19/go.mod h1:oyMhoBduQJxkidFTuyym7N5KUEmZG6dhFBhtnNgnAvY=
github.com/go-sql-driver/mysql v1.5.0 h1:ozyZYNQW3x3HtqT1jira07DN2PArx2v7/mN66gGcHOs=
github.com/go-sql-driver/mysql v1.5.0/go.mod h1:DCzpHaOWr8IXmIStZouvnhqoel9Qv2LBy8hT2VhHyBg=
